
Microsoft Visual Studio Solution File, Format Version 12.00
# Visual Studio Version 17
VisualStudioVersion = 17.4.33213.308
MinimumVisualStudioVersion = 10.0.40219.1
Project("{FAE04EC0-301F-11D3-BF4B-00C04F79EFBC}") = "ControleDeBar.ConsoleApp", "ControleDeBar.ConsoleApp\ControleDeBar.ConsoleApp.csproj", "{92BEED1A-B500-43D8-B320-871DCD5DD2EE}"
EndProject
Global
	GlobalSection(SolutionConfigurationPlatforms) = preSolution
		Debug|Any CPU = Debug|Any CPU
		Release|Any CPU = Release|Any CPU
	EndGlobalSection
	GlobalSection(ProjectConfigurationPlatforms) = postSolution
		{92BEED1A-B500-43D8-B320-871DCD5DD2EE}.Debug|Any CPU.ActiveCfg = Debug|Any CPU
		{92BEED1A-B500-43D8-B320-871DCD5DD2EE}.Debug|Any CPU.Build.0 = Debug|Any CPU
		{92BEED1A-B500-43D8-B320-871DCD5DD2EE}.Release|Any CPU.ActiveCfg = Release|Any CPU
		{92BEED1A-B500-43D8-B320-871DCD5DD2EE}.Release|Any CPU.Build.0 = Release|Any CPU
	EndGlobalSection
	GlobalSection(SolutionProperties) = preSolution
		HideSolutionNode = FALSE
	EndGlobalSection
	GlobalSection(ExtensibilityGlobals) = postSolution
		SolutionGuid = {1EDB4C2C-C9FA-4040-8BDF-B2D8BFC8FB4D}
	EndGlobalSection
EndGlobal
